
Microsoft Visual Studio Solution File, Format Version 12.00
Project("{2150E333-8FDC-42A3-9474-1A3956D46DE8}") = "shared", "shared", "{4F52FD11-658E-A102-6CD3-7D7C16FFA15B}"
EndProject
Project("{FAE04EC0-301F-11D3-BF4B-00C04F79EFBC}") = "PFM.Contracts", "shared\PFM.Contracts\PFM.Contracts.csproj", "{44381308-01CF-4A3F-90D0-3AD73462B13F}"
EndProject
Project("{2150E333-8FDC-42A3-9474-1A3956D46DE8}") = "services", "services", "{5854FF58-B8C5-05C6-5BF2-ACE42193F22B}"
EndProject
Project("{2150E333-8FDC-42A3-9474-1A3956D46DE8}") = "BFF", "BFF", "{1885BFFC-BDDB-E573-0577-AAE16C53C2BB}"
EndProject
Project("{FAE04EC0-301F-11D3-BF4B-00C04F79EFBC}") = "PFM.BFF", "services\BFF\PFM.BFF\PFM.BFF.csproj", "{9BAECC22-8873-42C7-8F44-92ABE0EBDB80}"
EndProject
Project("{2150E333-8FDC-42A3-9474-1A3956D46DE8}") = "AuthService", "AuthService", "{378295AF-C144-6721-7CFF-8DE6E58ED8C7}"
EndProject
Project("{FAE04EC0-301F-11D3-BF4B-00C04F79EFBC}") = "PFM.AuthService", "services\AuthService\PFM.AuthService\PFM.AuthService.csproj", "{DECC40D5-1F61-4075-B6DB-4E95779C9E3B}"
EndProject
Project("{2150E333-8FDC-42A3-9474-1A3956D46DE8}") = "TransactionService", "TransactionService", "{C4CEC107-4A2B-419D-5FF0-21F98E7AF5C4}"
EndProject
Project("{FAE04EC0-301F-11D3-BF4B-00C04F79EFBC}") = "PFM.TransactionService", "services\TransactionService\PFM.TransactionService\PFM.TransactionService.csproj", "{1BBFF294-EB1D-4A21-AE38-09DE0BCEC375}"
EndProject
Project("{2150E333-8FDC-42A3-9474-1A3956D46DE8}") = "BudgetService", "BudgetService", "{87B15EB3-D07E-3640-241D-2F2646DA0418}"
EndProject
Project("{FAE04EC0-301F-11D3-BF4B-00C04F79EFBC}") = "PFM.BudgetService", "services\BudgetService\PFM.BudgetService\PFM.BudgetService.csproj", "{76ECB218-8595-4DAC-85E5-E72F2584BB5B}"
EndProject
Project("{2150E333-8FDC-42A3-9474-1A3956D46DE8}") = "NotificationService", "NotificationService", "{74E836B4-46B0-66C7-E002-0B58C90F8616}"
EndProject
Project("{FAE04EC0-301F-11D3-BF4B-00C04F79EFBC}") = "PFM.NotificationService", "services\NotificationService\PFM.NotificationService\PFM.NotificationService.csproj", "{5DD5D718-1528-4846-98C9-38AE00C93BDB}"
EndProject
Global
	GlobalSection(SolutionConfigurationPlatforms) = preSolution
		Debug|Any CPU = Debug|Any CPU
		Debug|x64 = Debug|x64
		Debug|x86 = Debug|x86
		Release|Any CPU = Release|Any CPU
		Release|x64 = Release|x64
		Release|x86 = Release|x86
	EndGlobalSection
	GlobalSection(ProjectConfigurationPlatforms) = postSolution
		{44381308-01CF-4A3F-90D0-3AD73462B13F}.Debug|Any CPU.ActiveCfg = Debug|Any CPU
		{44381308-01CF-4A3F-90D0-3AD73462B13F}.Debug|Any CPU.Build.0 = Debug|Any CPU
		{44381308-01CF-4A3F-90D0-3AD73462B13F}.Debug|x64.ActiveCfg = Debug|Any CPU
		{44381308-01CF-4A3F-90D0-3AD73462B13F}.Debug|x64.Build.0 = Debug|Any CPU
		{44381308-01CF-4A3F-90D0-3AD73462B13F}.Debug|x86.ActiveCfg = Debug|Any CPU
		{44381308-01CF-4A3F-90D0-3AD73462B13F}.Debug|x86.Build.0 = Debug|Any CPU
		{44381308-01CF-4A3F-90D0-3AD73462B13F}.Release|Any CPU.ActiveCfg = Release|Any CPU
		{44381308-01CF-4A3F-90D0-3AD73462B13F}.Release|Any CPU.Build.0 = Release|Any CPU
		{44381308-01CF-4A3F-90D0-3AD73462B13F}.Release|x64.ActiveCfg = Release|Any CPU
		{44381308-01CF-4A3F-90D0-3AD73462B13F}.Release|x64.Build.0 = Release|Any CPU
		{44381308-01CF-4A3F-90D0-3AD73462B13F}.Release|x86.ActiveCfg = Release|Any CPU
		{44381308-01CF-4A3F-90D0-3AD73462B13F}.Release|x86.Build.0 = Release|Any CPU
		{9BAECC22-8873-42C7-8F44-92ABE0EBDB80}.Debug|Any CPU.ActiveCfg = Debug|Any CPU
		{9BAECC22-8873-42C7-8F44-92ABE0EBDB80}.Debug|Any CPU.Build.0 = Debug|Any CPU
		{9BAECC22-8873-42C7-8F44-92ABE0EBDB80}.Debug|x64.ActiveCfg = Debug|Any CPU
		{9BAECC22-8873-42C7-8F44-92ABE0EBDB80}.Debug|x64.Build.0 = Debug|Any CPU
		{9BAECC22-8873-42C7-8F44-92ABE0EBDB80}.Debug|x86.ActiveCfg = Debug|Any CPU
		{9BAECC22-8873-42C7-8F44-92ABE0EBDB80}.Debug|x86.Build.0 = Debug|Any CPU
		{9BAECC22-8873-42C7-8F44-92ABE0EBDB80}.Release|Any CPU.ActiveCfg = Release|Any CPU
		{9BAECC22-8873-42C7-8F44-92ABE0EBDB80}.Release|Any CPU.Build.0 = Release|Any CPU
		{9BAECC22-8873-42C7-8F44-92ABE0EBDB80}.Release|x64.ActiveCfg = Release|Any CPU
		{9BAECC22-8873-42C7-8F44-92ABE0EBDB80}.Release|x64.Build.0 = Release|Any CPU
		{9BAECC22-8873-42C7-8F44-92ABE0EBDB80}.Release|x86.ActiveCfg = Release|Any CPU
		{9BAECC22-8873-42C7-8F44-92ABE0EBDB80}.Release|x86.Build.0 = Release|Any CPU
		{DECC40D5-1F61-4075-B6DB-4E95779C9E3B}.Debug|Any CPU.ActiveCfg = Debug|Any CPU
		{DECC40D5-1F61-4075-B6DB-4E95779C9E3B}.Debug|Any CPU.Build.0 = Debug|Any CPU
		{DECC40D5-1F61-4075-B6DB-4E95779C9E3B}.Debug|x64.ActiveCfg = Debug|Any CPU
		{DECC40D5-1F61-4075-B6DB-4E95779C9E3B}.Debug|x64.Build.0 = Debug|Any CPU
		{DECC40D5-1F61-4075-B6DB-4E95779C9E3B}.Debug|x86.ActiveCfg = Debug|Any CPU
		{DECC40D5-1F61-4075-B6DB-4E95779C9E3B}.Debug|x86.Build.0 = Debug|Any CPU
		{DECC40D5-1F61-4075-B6DB-4E95779C9E3B}.Release|Any CPU.ActiveCfg = Release|Any CPU
		{DECC40D5-1F61-4075-B6DB-4E95779C9E3B}.Release|Any CPU.Build.0 = Release|Any CPU
		{DECC40D5-1F61-4075-B6DB-4E95779C9E3B}.Release|x64.ActiveCfg = Release|Any CPU
		{DECC40D5-1F61-4075-B6DB-4E95779C9E3B}.Release|x64.Build.0 = Release|Any CPU
		{DECC40D5-1F61-4075-B6DB-4E95779C9E3B}.Release|x86.ActiveCfg = Release|Any CPU
		{DECC40D5-1F61-4075-B6DB-4E95779C9E3B}.Release|x86.Build.0 = Release|Any CPU
		{1BBFF294-EB1D-4A21-AE38-09DE0BCEC375}.Debug|Any CPU.ActiveCfg = Debug|Any CPU
		{1BBFF294-EB1D-4A21-AE38-09DE0BCEC375}.Debug|Any CPU.Build.0 = Debug|Any CPU
		{1BBFF294-EB1D-4A21-AE38-09DE0BCEC375}.Debug|x64.ActiveCfg = Debug|Any CPU
		{1BBFF294-EB1D-4A21-AE38-09DE0BCEC375}.Debug|x64.Build.0 = Debug|Any CPU
		{1BBFF294-EB1D-4A21-AE38-09DE0BCEC375}.Debug|x86.ActiveCfg = Debug|Any CPU
		{1BBFF294-EB1D-4A21-AE38-09DE0BCEC375}.Debug|x86.Build.0 = Debug|Any CPU
		{1BBFF294-EB1D-4A21-AE38-09DE0BCEC375}.Release|Any CPU.ActiveCfg = Release|Any CPU
		{1BBFF294-EB1D-4A21-AE38-09DE0BCEC375}.Release|Any CPU.Build.0 = Release|Any CPU
		{1BBFF294-EB1D-4A21-AE38-09DE0BCEC375}.Release|x64.ActiveCfg = Release|Any CPU
		{1BBFF294-EB1D-4A21-AE38-09DE0BCEC375}.Release|x64.Build.0 = Release|Any CPU
		{1BBFF294-EB1D-4A21-AE38-09DE0BCEC375}.Release|x86.ActiveCfg = Release|Any CPU
		{1BBFF294-EB1D-4A21-AE38-09DE0BCEC375}.Release|x86.Build.0 = Release|Any CPU
		{76ECB218-8595-4DAC-85E5-E72F2584BB5B}.Debug|Any CPU.ActiveCfg = Debug|Any CPU
		{76ECB218-8595-4DAC-85E5-E72F2584BB5B}.Debug|Any CPU.Build.0 = Debug|Any CPU
		{76ECB218-8595-4DAC-85E5-E72F2584BB5B}.Debug|x64.ActiveCfg = Debug|Any CPU
		{76ECB218-8595-4DAC-85E5-E72F2584BB5B}.Debug|x64.Build.0 = Debug|Any CPU
		{76ECB218-8595-4DAC-85E5-E72F2584BB5B}.Debug|x86.ActiveCfg = Debug|Any CPU
		{76ECB218-8595-4DAC-85E5-E72F2584BB5B}.Debug|x86.Build.0 = Debug|Any CPU
		{76ECB218-8595-4DAC-85E5-E72F2584BB5B}.Release|Any CPU.ActiveCfg = Release|Any CPU
		{76ECB218-8595-4DAC-85E5-E72F2584BB5B}.Release|Any CPU.Build.0 = Release|Any CPU
		{76ECB218-8595-4DAC-85E5-E72F2584BB5B}.Release|x64.ActiveCfg = Release|Any CPU
		{76ECB218-8595-4DAC-85E5-E72F2584BB5B}.Release|x64.Build.0 = Release|Any CPU
		{76ECB218-8595-4DAC-85E5-E72F2584BB5B}.Release|x86.ActiveCfg = Release|Any CPU
		{76ECB218-8595-4DAC-85E5-E72F2584BB5B}.Release|x86.Build.0 = Release|Any CPU
		{5DD5D718-1528-4846-98C9-38AE00C93BDB}.Debug|Any CPU.ActiveCfg = Debug|Any CPU
		{5DD5D718-1528-4846-98C9-38AE00C93BDB}.Debug|Any CPU.Build.0 = Debug|Any CPU
		{5DD5D718-1528-4846-98C9-38AE00C93BDB}.Debug|x64.ActiveCfg = Debug|Any CPU
		{5DD5D718-1528-4846-98C9-38AE00C93BDB}.Debug|x64.Build.0 = Debug|Any CPU
		{5DD5D718-1528-4846-98C9-38AE00C93BDB}.Debug|x86.ActiveCfg = Debug|Any CPU
		{5DD5D718-1528-4846-98C9-38AE00C93BDB}.Debug|x86.Build.0 = Debug|Any CPU
		{5DD5D718-1528-4846-98C9-38AE00C93BDB}.Release|Any CPU.ActiveCfg = Release|Any CPU
		{5DD5D718-1528-4846-98C9-38AE00C93BDB}.Release|Any CPU.Build.0 = Release|Any CPU
		{5DD5D718-1528-4846-98C9-38AE00C93BDB}.Release|x64.ActiveCfg = Release|Any CPU
		{5DD5D718-1528-4846-98C9-38AE00C93BDB}.Release|x64.Build.0 = Release|Any CPU
		{5DD5D718-1528-4846-98C9-38AE00C93BDB}.Release|x86.ActiveCfg = Release|Any CPU
		{5DD5D718-1528-4846-98C9-38AE00C93BDB}.Release|x86.Build.0 = Release|Any CPU
	EndGlobalSection
	GlobalSection(SolutionProperties) = preSolution
		HideSolutionNode = FALSE
	EndGlobalSection
	GlobalSection(NestedProjects) = preSolution
		{44381308-01CF-4A3F-90D0-3AD73462B13F} = {4F52FD11-658E-A102-6CD3-7D7C16FFA15B}
		{1885BFFC-BDDB-E573-0577-AAE16C53C2BB} = {5854FF58-B8C5-05C6-5BF2-ACE42193F22B}
		{9BAECC22-8873-42C7-8F44-92ABE0EBDB80} = {1885BFFC-BDDB-E573-0577-AAE16C53C2BB}
		{378295AF-C144-6721-7CFF-8DE6E58ED8C7} = {5854FF58-B8C5-05C6-5BF2-ACE42193F22B}
		{DECC40D5-1F61-4075-B6DB-4E95779C9E3B} = {378295AF-C144-6721-7CFF-8DE6E58ED8C7}
		{C4CEC107-4A2B-419D-5FF0-21F98E7AF5C4} = {5854FF58-B8C5-05C6-5BF2-ACE42193F22B}
		{1BBFF294-EB1D-4A21-AE38-09DE0BCEC375} = {C4CEC107-4A2B-419D-5FF0-21F98E7AF5C4}
		{87B15EB3-D07E-3640-241D-2F2646DA0418} = {5854FF58-B8C5-05C6-5BF2-ACE42193F22B}
		{76ECB218-8595-4DAC-85E5-E72F2584BB5B} = {87B15EB3-D07E-3640-241D-2F2646DA0418}
		{74E836B4-46B0-66C7-E002-0B58C90F8616} = {5854FF58-B8C5-05C6-5BF2-ACE42193F22B}
		{5DD5D718-1528-4846-98C9-38AE00C93BDB} = {74E836B4-46B0-66C7-E002-0B58C90F8616}
	EndGlobalSection
EndGlobal
